
Microsoft Visual Studio Solution File, Format Version 12.00
# Visual Studio Version 16
VisualStudioVersion = 16.0.30907.101
MinimumVisualStudioVersion = 10.0.40219.1
Project("{FAE04EC0-301F-11D3-BF4B-00C04F79EFBC}") = "TrafficLight", "TrafficLight\TrafficLight.csproj", "{3E9A94A7-5C3E-42FB-BAA5-2E02C44FF868}"
EndProject
Global
	GlobalSection(SolutionConfigurationPlatforms) = preSolution
		Debug|Any CPU = Debug|Any CPU
		Release|Any CPU = Release|Any CPU
	EndGlobalSection
	GlobalSection(ProjectConfigurationPlatforms) = postSolution
		{3E9A94A7-5C3E-42FB-BAA5-2E02C44FF868}.Debug|Any CPU.ActiveCfg = Debug|Any CPU
		{3E9A94A7-5C3E-42FB-BAA5-2E02C44FF868}.Debug|Any CPU.Build.0 = Debug|Any CPU
		{3E9A94A7-5C3E-42FB-BAA5-2E02C44FF868}.Release|Any CPU.ActiveCfg = Release|Any CPU
		{3E9A94A7-5C3E-42FB-BAA5-2E02C44FF868}.Release|Any CPU.Build.0 = Release|Any CPU
	EndGlobalSection
	GlobalSection(SolutionProperties) = preSolution
		HideSolutionNode = FALSE
	EndGlobalSection
	GlobalSection(ExtensibilityGlobals) = postSolution
		SolutionGuid = {34429737-B00B-42A2-B895-2A3A05051D7D}
	EndGlobalSection
EndGlobal
